
Microsoft Visual Studio Solution File, Format Version 12.00
# Visual Studio 15
Project("{FAE04EC0-301F-11D3-BF4B-00C04F79EFBC}") = "FutureValue", "FutureValue\FutureValue.csproj", "{A012416D-1D8E-4A92-A4AA-09CF3DCB2692}"
EndProject
Global
	GlobalSection(SolutionConfigurationPlatforms) = preSolution
		Debug|Any CPU = Debug|Any CPU
		Release|Any CPU = Release|Any CPU
	EndGlobalSection
	GlobalSection(ProjectConfigurationPlatforms) = postSolution
		{A012416D-1D8E-4A92-A4AA-09CF3DCB2692}.Debug|Any CPU.ActiveCfg = Debug|Any CPU
		{A012416D-1D8E-4A92-A4AA-09CF3DCB2692}.Debug|Any CPU.Build.0 = Debug|Any CPU
		{A012416D-1D8E-4A92-A4AA-09CF3DCB2692}.Release|Any CPU.ActiveCfg = Release|Any CPU
		{A012416D-1D8E-4A92-A4AA-09CF3DCB2692}.Release|Any CPU.Build.0 = Release|Any CPU
	EndGlobalSection
EndGlobal
